
Microsoft Visual Studio Solution File, Format Version 12.00
# Visual Studio 15
VisualStudioVersion = 15.0.27130.2020
MinimumVisualStudioVersion = 10.0.40219.1
Project("{FAE04EC0-301F-11D3-BF4B-00C04F79EFBC}") = "SpotifyLocalAPI", "SpotifyLocalAPI\SpotifyLocalAPI.csproj", "{8D4037D9-7322-4207-AFDD-82CA47E5AD84}"
EndProject
Project("{FAE04EC0-301F-11D3-BF4B-00C04F79EFBC}") = "SpotifyStatusApplet", "SpotifyStatusApplet\SpotifyStatusApplet.csproj", "{3984C7FF-172D-4839-AD20-E049E94A2ABD}"
EndProject
Global
	GlobalSection(SolutionConfigurationPlatforms) = preSolution
		Debug|x86 = Debug|x86
		Release|x86 = Release|x86
	EndGlobalSection
	GlobalSection(ProjectConfigurationPlatforms) = postSolution
		{8D4037D9-7322-4207-AFDD-82CA47E5AD84}.Debug|x86.ActiveCfg = Debug|Any CPU
		{8D4037D9-7322-4207-AFDD-82CA47E5AD84}.Debug|x86.Build.0 = Debug|Any CPU
		{8D4037D9-7322-4207-AFDD-82CA47E5AD84}.Release|x86.ActiveCfg = Release|Any CPU
		{8D4037D9-7322-4207-AFDD-82CA47E5AD84}.Release|x86.Build.0 = Release|Any CPU
		{3984C7FF-172D-4839-AD20-E049E94A2ABD}.Debug|x86.ActiveCfg = Debug|x86
		{3984C7FF-172D-4839-AD20-E049E94A2ABD}.Debug|x86.Build.0 = Debug|x86
		{3984C7FF-172D-4839-AD20-E049E94A2ABD}.Release|x86.ActiveCfg = Release|x86
		{3984C7FF-172D-4839-AD20-E049E94A2ABD}.Release|x86.Build.0 = Release|x86
	EndGlobalSection
	GlobalSection(SolutionProperties) = preSolution
		HideSolutionNode = FALSE
	EndGlobalSection
	GlobalSection(ExtensibilityGlobals) = postSolution
		SolutionGuid = {3FD84D5B-C527-41E4-8107-5E18332FF9EF}
	EndGlobalSection
EndGlobal
